
Microsoft Visual Studio Solution File, Format Version 12.00
# Visual Studio Version 16
VisualStudioVersion = 16.0.30128.74
MinimumVisualStudioVersion = 10.0.40219.1
Project("{9A19103F-16F7-4668-BE54-9A1E7A4F7556}") = "FlatRedImGui", "FlatRedImGui\FlatRedImGui.csproj", "{CF26358E-0E25-4C40-A626-9C7753E7EEFA}"
EndProject
Project("{2150E333-8FDC-42A3-9474-1A3956D46DE8}") = "Examples", "Examples", "{C98F7C8A-B13A-455E-8F55-989C9EFA8813}"
EndProject
Project("{FAE04EC0-301F-11D3-BF4B-00C04F79EFBC}") = "TownRaiserImGui", "examples\TownRaiserImGui\TownRaiserImGui\TownRaiserImGui.csproj", "{CC7AA7BE-66F9-4204-9D11-DD421E3124DE}"
EndProject
Global
	GlobalSection(SharedMSBuildProjectFiles) = preSolution
		..\FlatRedBall\Engines\FlatRedBallXNA\FlatRedBall\FlatRedBallShared.projitems*{0bb8cbe3-8503-46c1-9272-d98e153a230e}*SharedItemsImports = 13
		..\FlatRedBall\Engines\FlatRedBallXNA\FlatRedBall\FlatRedBallShared.projitems*{10bda06c-7269-4cce-ae2a-d445f414520a}*SharedItemsImports = 4
	EndGlobalSection
	GlobalSection(SolutionConfigurationPlatforms) = preSolution
		Debug|Any CPU = Debug|Any CPU
		Debug|x86 = Debug|x86
		DebugWindows|Any CPU = DebugWindows|Any CPU
		DebugWindows|x86 = DebugWindows|x86
		Release|Any CPU = Release|Any CPU
		Release|x86 = Release|x86
	EndGlobalSection
	GlobalSection(ProjectConfigurationPlatforms) = postSolution
		{CF26358E-0E25-4C40-A626-9C7753E7EEFA}.Debug|Any CPU.ActiveCfg = Debug|Any CPU
		{CF26358E-0E25-4C40-A626-9C7753E7EEFA}.Debug|Any CPU.Build.0 = Debug|Any CPU
		{CF26358E-0E25-4C40-A626-9C7753E7EEFA}.Debug|x86.ActiveCfg = Debug|Any CPU
		{CF26358E-0E25-4C40-A626-9C7753E7EEFA}.Debug|x86.Build.0 = Debug|Any CPU
		{CF26358E-0E25-4C40-A626-9C7753E7EEFA}.DebugWindows|Any CPU.ActiveCfg = Debug|Any CPU
		{CF26358E-0E25-4C40-A626-9C7753E7EEFA}.DebugWindows|Any CPU.Build.0 = Debug|Any CPU
		{CF26358E-0E25-4C40-A626-9C7753E7EEFA}.DebugWindows|x86.ActiveCfg = Debug|Any CPU
		{CF26358E-0E25-4C40-A626-9C7753E7EEFA}.DebugWindows|x86.Build.0 = Debug|Any CPU
		{CF26358E-0E25-4C40-A626-9C7753E7EEFA}.Release|Any CPU.ActiveCfg = Release|Any CPU
		{CF26358E-0E25-4C40-A626-9C7753E7EEFA}.Release|Any CPU.Build.0 = Release|Any CPU
		{CF26358E-0E25-4C40-A626-9C7753E7EEFA}.Release|x86.ActiveCfg = Release|Any CPU
		{CF26358E-0E25-4C40-A626-9C7753E7EEFA}.Release|x86.Build.0 = Release|Any CPU
		{CC7AA7BE-66F9-4204-9D11-DD421E3124DE}.Debug|Any CPU.ActiveCfg = Debug|Any CPU
		{CC7AA7BE-66F9-4204-9D11-DD421E3124DE}.Debug|Any CPU.Build.0 = Debug|Any CPU
		{CC7AA7BE-66F9-4204-9D11-DD421E3124DE}.Debug|x86.ActiveCfg = Debug|x86
		{CC7AA7BE-66F9-4204-9D11-DD421E3124DE}.Debug|x86.Build.0 = Debug|x86
		{CC7AA7BE-66F9-4204-9D11-DD421E3124DE}.DebugWindows|Any CPU.ActiveCfg = Release|Any CPU
		{CC7AA7BE-66F9-4204-9D11-DD421E3124DE}.DebugWindows|Any CPU.Build.0 = Release|Any CPU
		{CC7AA7BE-66F9-4204-9D11-DD421E3124DE}.DebugWindows|x86.ActiveCfg = Debug|x86
		{CC7AA7BE-66F9-4204-9D11-DD421E3124DE}.DebugWindows|x86.Build.0 = Debug|x86
		{CC7AA7BE-66F9-4204-9D11-DD421E3124DE}.Release|Any CPU.ActiveCfg = Release|Any CPU
		{CC7AA7BE-66F9-4204-9D11-DD421E3124DE}.Release|Any CPU.Build.0 = Release|Any CPU
		{CC7AA7BE-66F9-4204-9D11-DD421E3124DE}.Release|x86.ActiveCfg = Release|x86
		{CC7AA7BE-66F9-4204-9D11-DD421E3124DE}.Release|x86.Build.0 = Release|x86
	EndGlobalSection
	GlobalSection(SolutionProperties) = preSolution
		HideSolutionNode = FALSE
	EndGlobalSection
	GlobalSection(NestedProjects) = preSolution
		{CC7AA7BE-66F9-4204-9D11-DD421E3124DE} = {C98F7C8A-B13A-455E-8F55-989C9EFA8813}
	EndGlobalSection
	GlobalSection(ExtensibilityGlobals) = postSolution
		SolutionGuid = {94E31651-79E1-40BF-ADD2-5C8E80073614}
	EndGlobalSection
EndGlobal
